
Microsoft Visual Studio Solution File, Format Version 12.00
# Visual Studio 2012
Project("{FAE04EC0-301F-11D3-BF4B-00C04F79EFBC}") = "HelloWorld", "HelloWorld\HelloWorld.csproj", "{FCE272ED-0805-4641-A4AF-AEB92BCE43CC}"
EndProject
Global
	GlobalSection(SolutionConfigurationPlatforms) = preSolution
		Debug|Any CPU = Debug|Any CPU
		Release|Any CPU = Release|Any CPU
	EndGlobalSection
	GlobalSection(ProjectConfigurationPlatforms) = postSolution
		{FCE272ED-0805-4641-A4AF-AEB92BCE43CC}.Debug|Any CPU.ActiveCfg = Debug|Any CPU
		{FCE272ED-0805-4641-A4AF-AEB92BCE43CC}.Debug|Any CPU.Build.0 = Debug|Any CPU
		{FCE272ED-0805-4641-A4AF-AEB92BCE43CC}.Release|Any CPU.ActiveCfg = Release|Any CPU
		{FCE272ED-0805-4641-A4AF-AEB92BCE43CC}.Release|Any CPU.Build.0 = Release|Any CPU
	EndGlobalSection
EndGlobal
